github.com/boombuler/barcode v1.0.1 h1:NDBbPmhS+EqABEs5Kg3n/5ZNjy73Pz7SIV+KCeqyXcs=
github.com/boombuler/barcode v1.0.1/go.mod h1:paBWMcWSl3LHKBqUq+rly7CNSldXjb2rDl3JlRe0mD8=
github.com/madasatya6/go-pkg v0.0.0-20211218232935-e2183619ab5e h1:lQIvaQfi8exR7xgSC1+UNHf/ZExPBqfNXmv2EMj7FoY=
github.com/madasatya6/go-pkg v0.0.0-20211218232935-e2183619ab5e/go.mod h1:6bN3ytGgeI6hpkckAStJ3tIbU/nBoXuRXMIRKDAF1B4=
